{
  "requires": true,
  "lockfileVersion": 1,
  "dependencies": {
    "@ampproject/remapping": {
      "version": "2.1.2",
      "resolved": "https://registry.npmjs.org/@ampproject/remapping/-/remapping-2.1.2.tgz",
      "integrity": "sha512-hoyByceqwKirw7w3Z7gnIIZC3Wx3J484Y3L/cMpXFbr7d9ZQj2mODrirNzcJa+SM3UlpWXYvKV4RlRpFXlWgXg==",
      "dev": true,
      "requires": {
        "@jridgewell/trace-mapping": "^0.3.0"
      }
    },
    "@babel/code-frame": {
      "version": "7.16.7",
      "resolved": "https://registry.npmjs.org/@babel/code-frame/-/code-frame-7.16.7.tgz",
      "integrity": "sha512-iAXqUn8IIeBTNd72xsFlgaXHkMBMt6y4HJp1tIaK465CWLT/fG1aqB7ykr95gHHmlBdGbFeWWfyB4NJJ0nmeIg==",
      "dev": true,
      "requires": {
        "@babel/highlight": "^7.16.7"
      }
    },
    "@babel/compat-data": {
      "version": "7.17.7",
      "resolved": "https://registry.npmjs.org/@babel/compat-data/-/compat-data-7.17.7.tgz",
      "integrity": "sha512-p8pdE6j0a29TNGebNm7NzYZWB3xVZJBZ7XGs42uAKzQo8VQ3F0By/cQCtUEABwIqw5zo6WA4NbmxsfzADzMKnQ==",
      "dev": true
    },
    "@babel/core": {
      "version": "7.17.8",
      "resolved": "https://registry.npmjs.org/@babel/core/-/core-7.17.8.tgz",
      "integrity": "sha512-OdQDV/7cRBtJHLSOBqqbYNkOcydOgnX59TZx4puf41fzcVtN3e/4yqY8lMQsK+5X2lJtAdmA+6OHqsj1hBJ4IQ==",
      "dev": true,
      "requires": {
        "@ampproject/remapping": "^2.1.0",
        "@babel/code-frame": "^7.16.7",
        "@babel/generator": "^7.17.7",
        "@babel/helper-compilation-targets": "^7.17.7",
        "@babel/helper-module-transforms": "^7.17.7",
        "@babel/helpers": "^7.17.8",
        "@babel/parser": "^7.17.8",
        "@babel/template": "^7.16.7",
        "@babel/traverse": "^7.17.3",
        "@babel/types": "^7.17.0",
        "convert-source-map": "^1.7.0",
        "debug": "^4.1.0",
        "gensync": "^1.0.0-beta.2",
        "json5": "^2.1.2",
        "semver": "^6.3.0"
      }
    },
    "@babel/generator": {
      "version": "7.17.7",
      "resolved": "https://registry.npmjs.org/@babel/generator/-/generator-7.17.7.tgz",
      "integrity": "sha512-oLcVCTeIFadUoArDTwpluncplrYBmTCCZZgXCbgNGvOBBiSDDK3eWO4b/+eOTli5tKv1lg+a5/NAXg+nTcei1w==",
      "dev": true,
      "requires": {
        "@babel/types": "^7.17.0",
        "jsesc": "^2.5.1",
        "source-map": "^0.5.0"
      }
    },
    "@babel/helper-annotate-as-pure": {
      "version": "7.16.7",
      "resolved": "https://registry.npmjs.org/@babel/helper-annotate-as-pure/-/helper-annotate-as-pure-7.16.7.tgz",
      "integrity": "sha512-s6t2w/IPQVTAET1HitoowRGXooX8mCgtuP5195wD/QJPV6wYjpujCGF7JuMODVX2ZAJOf1GT6DT9MHEZvLOFSw==",
      "dev": true,
      "requires": {
        "@babel/types": "^7.16.7"
      }
    },
    "@babel/helper-builder-binary-assignment-operator-visitor": {
      "version": "7.16.7",
      "resolved": "https://registry.npmjs.org/@babel/helper-builder-binary-assignment-operator-visitor/-/helper-builder-binary-assignment-operator-visitor-7.16.7.tgz",
      "integrity": "sha512-C6FdbRaxYjwVu/geKW4ZeQ0Q31AftgRcdSnZ5/jsH6BzCJbtvXvhpfkbkThYSuutZA7nCXpPR6AD9zd1dprMkA==",
      "version": "7.16.7",
      "resolved": "https://registry.npmjs.org/@babel/plugin-transform-for-of/-/plugin-transform-for-of-7.16.7.tgz",
      "integrity": "sha512-/QZm9W92Ptpw7sjI9Nx1mbcsWz33+l8kuMIQnDwgQBG5s3fAfQvkRjQ7NqXhtNcKOnPkdICmUHyCaWW06HCsqg==",
      "dev": true,
      "requires": {
        "@babel/helper-plugin-utils": "^7.16.7"
      }
    },
    "@babel/plugin-transform-function-name": {
      "version": "7.16.7",
      "resolved": "https://registry.npmjs.org/@babel/plugin-transform-function-name/-/plugin-transform-function-name-7.16.7.tgz",
      "integrity": "sha512-SU/C68YVwTRxqWj5kgsbKINakGag0KTgq9f2iZEXdStoAbOzLHEBRYzImmA6yFo8YZhJVflvXmIHUO7GWHmxxA==",
      "dev": true,
      "requires": {
        "@babel/helper-compilation-targets": "^7.16.7",
        "@babel/helper-function-name": "^7.16.7",
        "@babel/helper-plugin-utils": "^7.16.7"
      }
    },
    "@babel/plugin-transform-literals": {
      "version": "7.16.7",
      "resolved": "https://registry.npmjs.org/@babel/plugin-transform-literals/-/plugin-transform-literals-7.16.7.tgz",
      "integrity": "sha512-6tH8RTpTWI0s2sV6uq3e/C9wPo4PTqqZps4uF0kzQ9/xPLFQtipynvmT1g/dOfEJ+0EQsHhkQ/zyRId8J2b8zQ==",
      "dev": true,
      "requires": {
        "@babel/helper-plugin-utils": "^7.16.7"
      }
    },
    "@babel/plugin-transform-member-expression-literals": {
      "version": "7.16.7",
      "resolved": "https://registry.npmjs.org/@babel/plugin-transform-member-expression-literals/-/plugin-transform-member-expression-literals-7.16.7.tgz",
      "integrity": "sha512-mBruRMbktKQwbxaJof32LT9KLy2f3gH+27a5XSuXo6h7R3vqltl0PgZ80C8ZMKw98Bf8bqt6BEVi3svOh2PzMw==",
      "dev": true,
      "requires": {
        "@babel/helper-plugin-utils": "^7.16.7"
      }
    },
    "@babel/plugin-transform-modules-amd": {
      "version": "7.16.7",
      "resolved": "https://registry.npmjs.org/@babel/plugin-transform-modules-amd/-/plugin-transform-modules-amd-7.16.7.tgz",
      "integrity": "sha512-KaaEtgBL7FKYwjJ/teH63oAmE3lP34N3kshz8mm4VMAw7U3PxjVwwUmxEFksbgsNUaO3wId9R2AVQYSEGRa2+g==",
      "dev": true,
      "requires": {
        "@babel/helper-module-transforms": "^7.16.7",
        "@babel/helper-plugin-utils": "^7.16.7",
        "babel-plugin-dynamic-import-node": "^2.3.3"
      }
    },
    "@babel/plugin-transform-modules-commonjs": {
      "version": "7.17.7",
      "resolved": "https://registry.npmjs.org/@babel/plugin-transform-modules-commonjs/-/plugin-transform-modules-commonjs-7.17.7.tgz",
      "integrity": "sha512-ITPmR2V7MqioMJyrxUo2onHNC3e+MvfFiFIR0RP21d3PtlVb6sfzoxNKiphSZUOM9hEIdzCcZe83ieX3yoqjUA==",
      "dev": true,
      "requires": {
        "@babel/helper-module-transforms": "^7.17.7",
        "@babel/helper-plugin-utils": "^7.16.7",
        "@babel/helper-simple-access": "^7.17.7",
        "babel-plugin-dynamic-import-node": "^2.3.3"
      }
    },
    "@babel/plugin-transform-modules-systemjs": {
      "version": "7.17.8",
      "resolved": "https://registry.npmjs.org/@babel/plugin-transform-modules-systemjs/-/plugin-transform-modules-systemjs-7.17.8.tgz",
      "integrity": "sha512-39reIkMTUVagzgA5x88zDYXPCMT6lcaRKs1+S9K6NKBPErbgO/w/kP8GlNQTC87b412ZTlmNgr3k2JrWgHH+Bw==",
      "dev": true,
      "requires": {
        "@babel/helper-hoist-variables": "^7.16.7",
        "@babel/helper-module-transforms": "^7.17.7",
        "@babel/helper-plugin-utils": "^7.16.7",
        "@babel/helper-validator-identifier": "^7.16.7",
        "babel-plugin-dynamic-import-node": "^2.3.3"
      }
    },
    "@babel/plugin-transform-modules-umd": {
      "version": "7.16.7",
      "resolved": "https://registry.npmjs.org/@babel/plugin-transform-modules-umd/-/plugin-transform-modules-umd-7.16.7.tgz",
      "integrity": "sha512-EMh7uolsC8O4xhudF2F6wedbSHm1HHZ0C6aJ7K67zcDNidMzVcxWdGr+htW9n21klm+bOn+Rx4CBsAntZd3rEQ==",
      "dev": true,
      "requires": {
        "@babel/helper-module-transforms": "^7.16.7",
        "@babel/helper-plugin-utils": "^7.16.7"
      }
    },
    "@babel/plugin-transform-named-capturing-groups-regex": {
      "version": "7.16.8",
      "resolved": "https://registry.npmjs.org/@babel/plugin-transform-named-capturing-groups-regex/-/plugin-transform-named-capturing-groups-regex-7.16.8.tgz",
      "integrity": "sha512-j3Jw+n5PvpmhRR+mrgIh04puSANCk/T/UA3m3P1MjJkhlK906+ApHhDIqBQDdOgL/r1UYpz4GNclTXxyZrYGSw==",
      "dev": true,
      "requires": {
        "@babel/helper-create-regexp-features-plugin": "^7.16.7"
      }
    },
    "@babel/plugin-transform-new-target": {
      "version": "7.16.7",
      "resolved": "https://registry.npmjs.org/@babel/plugin-transform-new-target/-/plugin-transform-new-target-7.16.7.tgz",
      "integrity": "sha512-xiLDzWNMfKoGOpc6t3U+etCE2yRnn3SM09BXqWPIZOBpL2gvVrBWUKnsJx0K/ADi5F5YC5f8APFfWrz25TdlGg==",
      "dev": true,
      "requires": {
        "@babel/helper-plugin-utils": "^7.16.7"
      }
    },
    "@babel/plugin-transform-object-super": {
      "version": "7.16.7",
      "resolved": "https://registry.npmjs.org/@babel/plugin-transform-object-super/-/plugin-transform-object-super-7.16.7.tgz",
      "integrity": "sha512-14J1feiQVWaGvRxj2WjyMuXS2jsBkgB3MdSN5HuC2G5nRspa5RK9COcs82Pwy5BuGcjb+fYaUj94mYcOj7rCvw==",
      "dev": true,
      "requires": {
        "@babel/helper-plugin-utils": "^7.16.7",
        "@babel/helper-replace-supers": "^7.16.7"
      }
    },
    "@babel/plugin-transform-parameters": {
      "version": "7.16.7",
      "resolved": "https://registry.npmjs.org/@babel/plugin-transform-parameters/-/plugin-transform-parameters-7.16.7.tgz",
      "integrity": "sha512-AT3MufQ7zZEhU2hwOA11axBnExW0Lszu4RL/tAlUJBuNoRak+wehQW8h6KcXOcgjY42fHtDxswuMhMjFEuv/aw==",
      "dev": true,
      "requires": {
        "@babel/helper-plugin-utils": "^7.16.7"
      }
    },
    "@babel/plugin-transform-property-literals": {
      "version": "7.16.7",
      "resolved": "https://registry.npmjs.org/@babel/plugin-transform-property-literals/-/plugin-transform-property-literals-7.16.7.tgz",
      "integrity": "sha512-z4FGr9NMGdoIl1RqavCqGG+ZuYjfZ/hkCIeuH6Do7tXmSm0ls11nYVSJqFEUOSJbDab5wC6lRE/w6YjVcr6Hqw==",
      "dev": true,
      "requires": {
        "@babel/helper-plugin-utils": "^7.16.7"
      }
    },
    "@babel/plugin-transform-regenerator": {
      "version": "7.16.7",
      "resolved": "https://registry.npmjs.org/@babel/plugin-transform-regenerator/-/plugin-transform-regenerator-7.16.7.tgz",
      "integrity": "sha512-mF7jOgGYCkSJagJ6XCujSQg+6xC1M77/03K2oBmVJWoFGNUtnVJO4WHKJk3dnPC8HCcj4xBQP1Egm8DWh3Pb3Q==",
      "dev": true,
      "requires": {
        "regenerator-transform": "^0.14.2"
      }
    },
    "@babel/plugin-transform-reserved-words": {
      "version": "7.16.7",
      "resolved": "https://registry.npmjs.org/@babel/plugin-transform-reserved-words/-/plugin-transform-reserved-words-7.16.7.tgz",
      "integrity": "sha512-KQzzDnZ9hWQBjwi5lpY5v9shmm6IVG0U9pB18zvMu2i4H90xpT4gmqwPYsn8rObiadYe2M0gmgsiOIF5A/2rtg==",
      "dev": true,
      "requires": {
        "@babel/helper-plugin-utils": "^7.16.7"
      }
    },
    "@babel/plugin-transform-shorthand-properties": {
      "version": "7.16.7",
      "resolved": "https://registry.npmjs.org/@babel/plugin-transform-shorthand-properties/-/plugin-transform-shorthand-properties-7.16.7.tgz",
      "integrity": "sha512-hah2+FEnoRoATdIb05IOXf+4GzXYTq75TVhIn1PewihbpyrNWUt2JbudKQOETWw6QpLe+AIUpJ5MVLYTQbeeUg==",
      "dev": true,
      "requires": {
        "@babel/helper-plugin-utils": "^7.16.7"
      }
    },
    "@babel/plugin-transform-spread": {
      "version": "7.16.7",
      "resolved": "https://registry.npmjs.org/@babel/plugin-transform-spread/-/plugin-transform-spread-7.16.7.tgz",
      "integrity": "sha512-+pjJpgAngb53L0iaA5gU/1MLXJIfXcYepLgXB3esVRf4fqmj8f2cxM3/FKaHsZms08hFQJkFccEWuIpm429TXg==",
      "dev": true,
      "requires": {
        "@babel/helper-plugin-utils": "^7.16.7",
        "@babel/helper-skip-transparent-expression-wrappers": "^7.16.0"
      }
    },
    "@babel/plugin-transform-sticky-regex": {
      "version": "7.16.7",
      "resolved": "https://registry.npmjs.org/@babel/plugin-transform-sticky-regex/-/plugin-transform-sticky-regex-7.16.7.tgz",
      "integrity": "sha512-NJa0Bd/87QV5NZZzTuZG5BPJjLYadeSZ9fO6oOUoL4iQx+9EEuw/eEM92SrsT19Yc2jgB1u1hsjqDtH02c3Drw==",
      "dev": true,
      "requires": {
        "@babel/helper-plugin-utils": "^7.16.7"
      }
    },
    "@babel/plugin-transform-template-literals": {
      "version": "7.16.7",
      "resolved": "https://registry.npmjs.org/@babel/plugin-transform-template-literals/-/plugin-transform-template-literals-7.16.7.tgz",
      "integrity": "sha512-VwbkDDUeenlIjmfNeDX/V0aWrQH2QiVyJtwymVQSzItFDTpxfyJh3EVaQiS0rIN/CqbLGr0VcGmuwyTdZtdIsA==",
      "dev": true,
      "requires": {
        "@babel/helper-plugin-utils": "^7.16.7"
      }
    },
    "@babel/plugin-transform-typeof-symbol": {
      "version": "7.16.7",
      "resolved": "https://registry.npmjs.org/@babel/plugin-transform-typeof-symbol/-/plugin-transform-typeof-symbol-7.16.7.tgz",
      "integrity": "sha512-p2rOixCKRJzpg9JB4gjnG4gjWkWa89ZoYUnl9snJ1cWIcTH/hvxZqfO+WjG6T8DRBpctEol5jw1O5rA8gkCokQ==",
      "dev": true,
      "requires": {
        "@babel/helper-plugin-utils": "^7.16.7"
      }
    },
    "@babel/plugin-transform-unicode-escapes": {
      "version": "7.16.7",
      "resolved": "https://registry.npmjs.org/@babel/plugin-transform-unicode-escapes/-/plugin-transform-unicode-escapes-7.16.7.tgz",
      "integrity": "sha512-TAV5IGahIz3yZ9/Hfv35TV2xEm+kaBDaZQCn2S/hG9/CZ0DktxJv9eKfPc7yYCvOYR4JGx1h8C+jcSOvgaaI/Q==",
      "dev": true,
      "requires": {
        "@babel/helper-plugin-utils": "^7.16.7"
      }
    },
    "@babel/plugin-transform-unicode-regex": {
      "version": "7.16.7",
      "resolved": "https://registry.npmjs.org/@babel/plugin-transform-unicode-regex/-/plugin-transform-unicode-regex-7.16.7.tgz",
      "integrity": "sha512-oC5tYYKw56HO75KZVLQ+R/Nl3Hro9kf8iG0hXoaHP7tjAyCpvqBiSNe6vGrZni1Z6MggmUOC6A7VP7AVmw225Q==",
      "dev": true,
      "requires": {
        "@babel/helper-create-regexp-features-plugin": "^7.16.7",
        "@babel/helper-plugin-utils": "^7.16.7"
      }
    },
    "@babel/preset-env": {
      "version": "7.16.11",
      "resolved": "https://registry.npmjs.org/@babel/preset-env/-/preset-env-7.16.11.tgz",
      "integrity": "sha512-qcmWG8R7ZW6WBRPZK//y+E3Cli151B20W1Rv7ln27vuPaXU/8TKms6jFdiJtF7UDTxcrb7mZd88tAeK9LjdT8g==",
      "dev": true,
      "requires": {
        "@babel/compat-data": "^7.16.8",
        "@babel/helper-compilation-targets": "^7.16.7",
        "@babel/helper-plugin-utils": "^7.16.7",
        "@babel/helper-validator-option": "^7.16.7",
        "@babel/plugin-bugfix-safari-id-destructuring-collision-in-function-expression": "^7.16.7",
        "@babel/plugin-bugfix-v8-spread-parameters-in-optional-chaining": "^7.16.7",
        "@babel/plugin-proposal-async-generator-functions": "^7.16.8",
        "@babel/plugin-proposal-class-properties": "^7.16.7",
        "@babel/plugin-proposal-class-static-block": "^7.16.7",
        "@babel/plugin-proposal-dynamic-import": "^7.16.7",
        "@babel/plugin-proposal-export-namespace-from": "^7.16.7",
        "@babel/plugin-proposal-json-strings": "^7.16.7",
        "@babel/plugin-proposal-logical-assignment-operators": "^7.16.7",
        "@babel/plugin-proposal-nullish-coalescing-operator": "^7.16.7",
        "@babel/plugin-proposal-numeric-separator": "^7.16.7",
        "@babel/plugin-proposal-object-rest-spread": "^7.16.7",
        "@babel/plugin-proposal-optional-catch-binding": "^7.16.7",
        "@babel/plugin-proposal-optional-chaining": "^7.16.7",
        "@babel/plugin-proposal-private-methods": "^7.16.11",
        "@babel/plugin-proposal-private-property-in-object": "^7.16.7",
        "@babel/plugin-proposal-unicode-property-regex": "^7.16.7",
        "@babel/plugin-syntax-async-generators": "^7.8.4",
        "@babel/plugin-syntax-class-properties": "^7.12.13",
      "resolved": "https://registry.npmjs.org/ws/-/ws-5.2.3.tgz",
      "integrity": "sha512-jZArVERrMsKUatIdnLzqvcfydI85dvd/Fp1u/VOpfdDWQ4c9qWXe+VIeAbQ5FrDwciAkr+lzofXLz3Kuf26AOA==",
      "dev": true,
      "requires": {
        "async-limiter": "~1.0.0"
      }
    },
    "xml-name-validator": {
      "version": "3.0.0",
      "resolved": "https://registry.npmjs.org/xml-name-validator/-/xml-name-validator-3.0.0.tgz",
      "integrity": "sha512-A5CUptxDsvxKJEU3yO6DuWBSJz/qizqzJKOMIfUJHETbBw/sFaDxgd6fxm1ewUaM0jZ444Fc5vC5ROYurg/4Pw==",
      "dev": true
    },
    "y18n": {
      "version": "4.0.3",
      "resolved": "https://registry.npmjs.org/y18n/-/y18n-4.0.3.tgz",
      "integrity": "sha512-JKhqTOwSrqNA1NY5lSztJ1GrBiUodLMmIZuLiDaMRJ+itFd+ABVE8XBjOvIWL+rSqNDC74LCSFmlb/U4UZ4hJQ==",
      "dev": true
    },
    "yargs": {
      "version": "13.3.2",
      "resolved": "https://registry.npmjs.org/yargs/-/yargs-13.3.2.tgz",
      "integrity": "sha512-AX3Zw5iPruN5ie6xGRIDgqkT+ZhnRlZMLMHAs8tg7nRruy2Nb+i5o9bwghAogtM08q1dpr2LVoS8KSTMYpWXUw==",
      "dev": true,
      "requires": {
        "cliui": "^5.0.0",
        "find-up": "^3.0.0",
        "get-caller-file": "^2.0.1",
        "require-directory": "^2.1.1",
        "require-main-filename": "^2.0.0",
        "set-blocking": "^2.0.0",
        "string-width": "^3.0.0",
        "which-module": "^2.0.0",
        "y18n": "^4.0.0",
        "yargs-parser": "^13.1.2"
      },
      "dependencies": {
        "emoji-regex": {
          "version": "7.0.3",
          "resolved": "https://registry.npmjs.org/emoji-regex/-/emoji-regex-7.0.3.tgz",
          "integrity": "sha512-CwBLREIQ7LvYFB0WyRvwhq5N5qPhc6PMjD6bYggFlI5YyDgl+0vxq5VHbMOFqLg7hfWzmu8T5Z1QofhmTIhItA==",
          "dev": true
        },
        "is-fullwidth-code-point": {
          "version": "2.0.0",
          "resolved": "https://registry.npmjs.org/is-fullwidth-code-point/-/is-fullwidth-code-point-2.0.0.tgz",
          "integrity": "sha1-o7MKXE8ZkYMWeqq5O+764937ZU8=",
          "dev": true
        },
        "string-width": {
          "version": "3.1.0",
          "resolved": "https://registry.npmjs.org/string-width/-/string-width-3.1.0.tgz",
          "integrity": "sha512-vafcv6KjVZKSgz06oM/H6GDBrAtz8vdhQakGjFIvNrHA6y3HCF1CInLy+QLq8dTJPQ1b+KDUqDFctkdRW44e1w==",
          "dev": true,
          "requires": {
            "emoji-regex": "^7.0.1",
            "is-fullwidth-code-point": "^2.0.0",
            "strip-ansi": "^5.1.0"
          }
        }
      }
    },
    "yargs-parser": {
      "version": "13.1.2",
      "resolved": "https://registry.npmjs.org/yargs-parser/-/yargs-parser-13.1.2.tgz",
      "integrity": "sha512-3lbsNRf/j+A4QuSZfDRA7HRSfWrzO0YjqTJd5kjAq37Zep1CEgaYmrH9Q3GwPiB9cHyd1Y1UwggGhJGoxipbzg==",
      "dev": true,
      "requires": {
        "camelcase": "^5.0.0",
        "decamelize": "^1.2.0"
      }
    }
  }
}
