# THIS IS AN AUTOGENERATED FILE. DO NOT EDIT THIS FILE DIRECTLY.
# yarn lockfile v1


"@babel/code-frame@^7.0.0":
  version "7.16.7"
  resolved "https://registry.yarnpkg.com/@babel/code-frame/-/code-frame-7.16.7.tgz#44416b6bd7624b998f5b1af5d470856c40138789"
  integrity sha512-iAXqUn8IIeBTNd72xsFlgaXHkMBMt6y4HJp1tIaK465CWLT/fG1aqB7ykr95gHHmlBdGbFeWWfyB4NJJ0nmeIg==
  dependencies:
    "@babel/highlight" "^7.16.7"

"@babel/helper-validator-identifier@^7.16.7":
  version "7.16.7"
  resolved "https://registry.yarnpkg.com/@babel/helper-validator-identifier/-/helper-validator-identifier-7.16.7.tgz#e8c602438c4a8195751243da9031d1607d247cad"
  integrity sha512-hsEnFemeiW4D08A5gUAZxLBTXpZ39P+a+DGDsHw1yxqyQ/jzFEnxf5uTEGp+3bzAbNOxU1paTgYS4ECU/IgfDw==

"@babel/highlight@^7.16.7":
  version "7.17.12"
  resolved "https://registry.yarnpkg.com/@babel/highlight/-/highlight-7.17.12.tgz#257de56ee5afbd20451ac0a75686b6b404257351"
  integrity sha512-7yykMVF3hfZY2jsHZEEgLc+3x4o1O+fYyULu11GynEUQNwB6lua+IIQn1FiJxNucd5UlyJryrwsOh8PL9Sn8Qg==
  dependencies:
    "@babel/helper-validator-identifier" "^7.16.7"
    chalk "^2.0.0"
    js-tokens "^4.0.0"

"@sindresorhus/is@^0.14.0":
  version "0.14.0"
  resolved "https://registry.yarnpkg.com/@sindresorhus/is/-/is-0.14.0.tgz#9fb3a3cf3132328151f353de4632e01e52102bea"
  integrity sha512-9NET910DNaIPngYnLLPeg+Ogzqsi9uM4mSboU5y6p8S5DzMTVEsJZrawi+BoDNUVBa2DhJqQYUFvMDfgU062LQ==

"@sinonjs/commons@^1", "@sinonjs/commons@^1.3.0", "@sinonjs/commons@^1.4.0", "@sinonjs/commons@^1.7.0":
  version "1.8.3"
  resolved "https://registry.yarnpkg.com/@sinonjs/commons/-/commons-1.8.3.tgz#3802ddd21a50a949b6721ddd72da36e67e7f1b2d"
  integrity sha512-xkNcLAn/wZaX14RPlwizcKicDk9G3F8m2nU3L7Ukm5zBgTwiT0wsoFAHx9Jq56fJA1z/7uKGtCRu16sOUCLIHQ==
  dependencies:
    type-detect "4.0.8"

"@sinonjs/formatio@^3.2.1":
  version "3.2.2"
  resolved "https://registry.yarnpkg.com/@sinonjs/formatio/-/formatio-3.2.2.tgz#771c60dfa75ea7f2d68e3b94c7e888a78781372c"
  integrity sha512-B8SEsgd8gArBLMD6zpRw3juQ2FVSsmdd7qlevyDqzS9WTCtvF55/gAL+h6gue8ZvPYcdiPdvueM/qm//9XzyTQ==
  dependencies:
    "@sinonjs/commons" "^1"
    "@sinonjs/samsam" "^3.1.0"

"@sinonjs/samsam@^3.1.0", "@sinonjs/samsam@^3.3.3":
  version "3.3.3"
  resolved "https://registry.yarnpkg.com/@sinonjs/samsam/-/samsam-3.3.3.tgz#46682efd9967b259b81136b9f120fd54585feb4a"
  integrity sha512-bKCMKZvWIjYD0BLGnNrxVuw4dkWCYsLqFOUWw8VgKF/+5Y+mE7LfHWPIYoDXowH+3a9LsWDMo0uAP8YDosPvHQ==
  dependencies:
    "@sinonjs/commons" "^1.3.0"
    array-from "^2.1.1"
    lodash "^4.17.15"

"@sinonjs/text-encoding@^0.7.1":
  version "0.7.1"
  resolved "https://registry.yarnpkg.com/@sinonjs/text-encoding/-/text-encoding-0.7.1.tgz#8da5c6530915653f3a1f38fd5f101d8c3f8079c5"
  integrity sha512-+iTbntw2IZPb/anVDbypzfQa+ay64MW0Zo8aJ8gZPWMMK6/OubMVb6lUPMagqjOPnmtauXnFCACVl3O7ogjeqQ==

"@szmarczak/http-timer@^1.1.2":
  version "1.1.2"
  resolved "https://registry.yarnpkg.com/@szmarczak/http-timer/-/http-timer-1.1.2.tgz#b1665e2c461a2cd92f4c1bbf50d5454de0d4b421"
  integrity sha512-XIB2XbzHTN6ieIjfIMV9hlVcfPU26s2vafYWQcZHWXHOxiaRZYEDKEwdl129Zyg50+foYV2jCgtrqSA6qNuNSA==
  dependencies:
    defer-to-connect "^1.0.1"

"@types/chai@4":
  version "4.3.1"
  resolved "https://registry.yarnpkg.com/@types/chai/-/chai-4.3.1.tgz#e2c6e73e0bdeb2521d00756d099218e9f5d90a04"
  integrity sha512-/zPMqDkzSZ8t3VtxOa4KPq7uzzW978M9Tvh+j7GHKuo6k6GTLxPJ4J5gE5cjfJ26pnXst0N5Hax8Sr0T2Mi9zQ==

"@types/cookiejar@*":
  version "2.1.2"
  resolved "https://registry.yarnpkg.com/@types/cookiejar/-/cookiejar-2.1.2.tgz#66ad9331f63fe8a3d3d9d8c6e3906dd10f6446e8"
  integrity sha512-t73xJJrvdTjXrn4jLS9VSGRbz0nUY3cl2DMGDU48lKl+HR9dbbjW2A9r3g40VA++mQpy6uuHg33gy7du2BKpog==
    babel-runtime "^6.26.0"
    babel-template "^6.26.0"
    babel-traverse "^6.26.0"
    babel-types "^6.26.0"
    babylon "^6.18.0"
    convert-source-map "^1.5.1"
    debug "^2.6.9"
    json5 "^0.5.1"
    lodash "^4.17.4"
    minimatch "^3.0.4"
    path-is-absolute "^1.0.1"
    private "^0.1.8"
    slash "^1.0.0"
    source-map "^0.5.7"

babel-generator@^6.26.0:
  version "6.26.1"
  resolved "https://registry.yarnpkg.com/babel-generator/-/babel-generator-6.26.1.tgz#1844408d3b8f0d35a404ea7ac180f087a601bd90"
  integrity sha512-HyfwY6ApZj7BYTcJURpM5tznulaBvyio7/0d4zFOeMPUmfxkCjHocCuoLa2SAGzBI8AREcH3eP3758F672DppA==
  dependencies:
    babel-messages "^6.23.0"
    babel-runtime "^6.26.0"
    babel-types "^6.26.0"
    detect-indent "^4.0.0"
    jsesc "^1.3.0"
    lodash "^4.17.4"
    source-map "^0.5.7"
    trim-right "^1.0.1"

babel-helper-builder-binary-assignment-operator-visitor@^6.24.1:
  version "6.24.1"
  resolved "https://registry.yarnpkg.com/babel-helper-builder-binary-assignment-operator-visitor/-/babel-helper-builder-binary-assignment-operator-visitor-6.24.1.tgz#cce4517ada356f4220bcae8a02c2b346f9a56664"
  integrity sha512-gCtfYORSG1fUMX4kKraymq607FWgMWg+j42IFPc18kFQEsmtaibP4UrqsXt8FlEJle25HUd4tsoDR7H2wDhe9Q==
  dependencies:
    babel-helper-explode-assignable-expression "^6.24.1"
    babel-runtime "^6.22.0"
    babel-types "^6.24.1"

babel-helper-call-delegate@^6.24.1:
  version "6.24.1"
  resolved "https://registry.yarnpkg.com/babel-helper-call-delegate/-/babel-helper-call-delegate-6.24.1.tgz#ece6aacddc76e41c3461f88bfc575bd0daa2df8d"
  integrity sha512-RL8n2NiEj+kKztlrVJM9JT1cXzzAdvWFh76xh/H1I4nKwunzE4INBXn8ieCZ+wh4zWszZk7NBS1s/8HR5jDkzQ==
  dependencies:
    babel-helper-hoist-variables "^6.24.1"
    babel-runtime "^6.22.0"
    babel-traverse "^6.24.1"
    babel-types "^6.24.1"

babel-helper-define-map@^6.24.1:
  version "6.26.0"
  resolved "https://registry.yarnpkg.com/babel-helper-define-map/-/babel-helper-define-map-6.26.0.tgz#a5f56dab41a25f97ecb498c7ebaca9819f95be5f"
  integrity sha512-bHkmjcC9lM1kmZcVpA5t2om2nzT/xiZpo6TJq7UlZ3wqKfzia4veeXbIhKvJXAMzhhEBd3cR1IElL5AenWEUpA==
  dependencies:
    babel-helper-function-name "^6.24.1"
    babel-runtime "^6.26.0"
    babel-types "^6.26.0"
    lodash "^4.17.4"

babel-helper-explode-assignable-expression@^6.24.1:
  version "6.24.1"
  resolved "https://registry.yarnpkg.com/babel-helper-explode-assignable-expression/-/babel-helper-explode-assignable-expression-6.24.1.tgz#f25b82cf7dc10433c55f70592d5746400ac22caa"
  integrity sha512-qe5csbhbvq6ccry9G7tkXbzNtcDiH4r51rrPUbwwoTzZ18AqxWYRZT6AOmxrpxKnQBW0pYlBI/8vh73Z//78nQ==
  dependencies:
    babel-runtime "^6.22.0"
    babel-traverse "^6.24.1"
    babel-types "^6.24.1"

babel-helper-function-name@^6.24.1:
  version "6.24.1"
  resolved "https://registry.yarnpkg.com/babel-helper-function-name/-/babel-helper-function-name-6.24.1.tgz#d3475b8c03ed98242a25b48351ab18399d3580a9"
  integrity sha512-Oo6+e2iX+o9eVvJ9Y5eKL5iryeRdsIkwRYheCuhYdVHsdEQysbc2z2QkqCLIYnNxkT5Ss3ggrHdXiDI7Dhrn4Q==
  dependencies:
    babel-helper-get-function-arity "^6.24.1"
    babel-runtime "^6.22.0"
    babel-template "^6.24.1"
    babel-traverse "^6.24.1"
    babel-types "^6.24.1"

babel-helper-get-function-arity@^6.24.1:
  version "6.24.1"
  resolved "https://registry.yarnpkg.com/babel-helper-get-function-arity/-/babel-helper-get-function-arity-6.24.1.tgz#8f7782aa93407c41d3aa50908f89b031b1b6853d"
  integrity sha512-WfgKFX6swFB1jS2vo+DwivRN4NB8XUdM3ij0Y1gnC21y1tdBoe6xjVnd7NSI6alv+gZXCtJqvrTeMW3fR/c0ng==
  dependencies:
    babel-runtime "^6.22.0"
    babel-types "^6.24.1"

babel-helper-hoist-variables@^6.24.1:
  version "6.24.1"
  resolved "https://registry.yarnpkg.com/babel-helper-hoist-variables/-/babel-helper-hoist-variables-6.24.1.tgz#1ecb27689c9d25513eadbc9914a73f5408be7a76"
  integrity sha512-zAYl3tqerLItvG5cKYw7f1SpvIxS9zi7ohyGHaI9cgDUjAT6YcY9jIEH5CstetP5wHIVSceXwNS7Z5BpJg+rOw==
  dependencies:
    babel-runtime "^6.22.0"
    babel-types "^6.24.1"

babel-helper-optimise-call-expression@^6.24.1:
  version "6.24.1"
  resolved "https://registry.yarnpkg.com/babel-helper-optimise-call-expression/-/babel-helper-optimise-call-expression-6.24.1.tgz#f7a13427ba9f73f8f4fa993c54a97882d1244257"
  integrity sha512-Op9IhEaxhbRT8MDXx2iNuMgciu2V8lDvYCNQbDGjdBNCjaMvyLf4wl4A3b8IgndCyQF8TwfgsQ8T3VD8aX1/pA==
  dependencies:
    babel-runtime "^6.22.0"
    babel-types "^6.24.1"

babel-helper-regex@^6.24.1:
  version "6.26.0"
  resolved "https://registry.yarnpkg.com/babel-helper-regex/-/babel-helper-regex-6.26.0.tgz#325c59f902f82f24b74faceed0363954f6495e72"
  integrity sha512-VlPiWmqmGJp0x0oK27Out1D+71nVVCTSdlbhIVoaBAj2lUgrNjBCRR9+llO4lTSb2O4r7PJg+RobRkhBrf6ofg==
  dependencies:
    babel-runtime "^6.26.0"
    babel-types "^6.26.0"
    lodash "^4.17.4"

babel-helper-remap-async-to-generator@^6.24.1:
  version "6.24.1"
  resolved "https://registry.yarnpkg.com/babel-helper-remap-async-to-generator/-/babel-helper-remap-async-to-generator-6.24.1.tgz#5ec581827ad723fecdd381f1c928390676e4551b"
  integrity sha512-RYqaPD0mQyQIFRu7Ho5wE2yvA/5jxqCIj/Lv4BXNq23mHYu/vxikOy2JueLiBxQknwapwrJeNCesvY0ZcfnlHg==
  dependencies:
    babel-helper-function-name "^6.24.1"
    babel-runtime "^6.22.0"
    babel-template "^6.24.1"
    babel-traverse "^6.24.1"
    babel-types "^6.24.1"

babel-helper-replace-supers@^6.24.1:
  version "6.24.1"
  resolved "https://registry.yarnpkg.com/babel-helper-replace-supers/-/babel-helper-replace-supers-6.24.1.tgz#bf6dbfe43938d17369a213ca8a8bf74b6a90ab1a"
  integrity sha512-sLI+u7sXJh6+ToqDr57Bv973kCepItDhMou0xCP2YPVmR1jkHSCY+p1no8xErbV1Siz5QE8qKT1WIwybSWlqjw==
  dependencies:
    babel-helper-optimise-call-expression "^6.24.1"
    babel-messages "^6.23.0"
    babel-runtime "^6.22.0"
    babel-template "^6.24.1"
    babel-traverse "^6.24.1"
    babel-types "^6.24.1"

babel-helpers@^6.24.1:
  version "6.24.1"
  resolved "https://registry.yarnpkg.com/babel-helpers/-/babel-helpers-6.24.1.tgz#3471de9caec388e5c850e597e58a26ddf37602b2"
  integrity sha512-n7pFrqQm44TCYvrCDb0MqabAF+JUBq+ijBvNMUxpkLjJaAu32faIexewMumrH5KLLJ1HDyT0PTEqRyAe/GwwuQ==
  dependencies:
    babel-runtime "^6.22.0"
    babel-template "^6.24.1"

babel-messages@^6.23.0:
  version "6.23.0"
  resolved "https://registry.yarnpkg.com/babel-messages/-/babel-messages-6.23.0.tgz#f3cdf4703858035b2a2951c6ec5edf6c62f2630e"
  integrity sha512-Bl3ZiA+LjqaMtNYopA9TYE9HP1tQ+E5dLxE0XrAzcIJeK2UqF0/EaqXwBn9esd4UmTfEab+P+UYQ1GnioFIb/w==
  dependencies:
    babel-runtime "^6.22.0"

babel-plugin-check-es2015-constants@^6.22.0:
  version "6.22.0"
  resolved "https://registry.yarnpkg.com/babel-plugin-check-es2015-constants/-/babel-plugin-check-es2015-constants-6.22.0.tgz#35157b101426fd2ffd3da3f75c7d1e91835bbf8a"
  integrity sha512-B1M5KBP29248dViEo1owyY32lk1ZSH2DaNNrXLGt8lyjjHm7pBqAdQ7VKUPR6EEDO323+OvT3MQXbCin8ooWdA==
  dependencies:
    babel-runtime "^6.22.0"

babel-plugin-syntax-async-functions@^6.8.0:
  version "6.13.0"
  resolved "https://registry.yarnpkg.com/babel-plugin-syntax-async-functions/-/babel-plugin-syntax-async-functions-6.13.0.tgz#cad9cad1191b5ad634bf30ae0872391e0647be95"
  integrity sha512-4Zp4unmHgw30A1eWI5EpACji2qMocisdXhAftfhXoSV9j0Tvj6nRFE3tOmRY912E0FMRm/L5xWE7MGVT2FoLnw==

babel-plugin-syntax-exponentiation-operator@^6.8.0:
  version "6.13.0"
  resolved "https://registry.yarnpkg.com/babel-plugin-syntax-exponentiation-operator/-/babel-plugin-syntax-exponentiation-operator-6.13.0.tgz#9ee7e8337290da95288201a6a57f4170317830de"
  integrity sha512-Z/flU+T9ta0aIEKl1tGEmN/pZiI1uXmCiGFRegKacQfEJzp7iNsKloZmyJlQr+75FCJtiFfGIK03SiCvCt9cPQ==

babel-plugin-syntax-trailing-function-commas@^6.22.0:
  version "6.22.0"
  resolved "https://registry.yarnpkg.com/babel-plugin-syntax-trailing-function-commas/-/babel-plugin-syntax-trailing-function-commas-6.22.0.tgz#ba0360937f8d06e40180a43fe0d5616fff532cf3"
  integrity sha512-Gx9CH3Q/3GKbhs07Bszw5fPTlU+ygrOGfAhEt7W2JICwufpC4SuO0mG0+4NykPBSYPMJhqvVlDBU17qB1D+hMQ==

babel-plugin-transform-async-to-generator@^6.22.0:
  version "6.24.1"
  resolved "https://registry.yarnpkg.com/babel-plugin-transform-async-to-generator/-/babel-plugin-transform-async-to-generator-6.24.1.tgz#6536e378aff6cb1d5517ac0e40eb3e9fc8d08761"
  integrity sha512-7BgYJujNCg0Ti3x0c/DL3tStvnKS6ktIYOmo9wginv/dfZOrbSZ+qG4IRRHMBOzZ5Awb1skTiAsQXg/+IWkZYw==
  dependencies:
    babel-helper-remap-async-to-generator "^6.24.1"
    babel-plugin-syntax-async-functions "^6.8.0"
    babel-runtime "^6.22.0"

babel-plugin-transform-es2015-arrow-functions@^6.22.0:
  version "6.22.0"
  resolved "https://registry.yarnpkg.com/babel-plugin-transform-es2015-arrow-functions/-/babel-plugin-transform-es2015-arrow-functions-6.22.0.tgz#452692cb711d5f79dc7f85e440ce41b9f244d221"
  integrity sha512-PCqwwzODXW7JMrzu+yZIaYbPQSKjDTAsNNlK2l5Gg9g4rz2VzLnZsStvp/3c46GfXpwkyufb3NCyG9+50FF1Vg==
  dependencies:
    babel-runtime "^6.22.0"

babel-plugin-transform-es2015-block-scoped-functions@^6.22.0:
  version "6.22.0"
  resolved "https://registry.yarnpkg.com/babel-plugin-transform-es2015-block-scoped-functions/-/babel-plugin-transform-es2015-block-scoped-functions-6.22.0.tgz#bbc51b49f964d70cb8d8e0b94e820246ce3a6141"
  integrity sha512-2+ujAT2UMBzYFm7tidUsYh+ZoIutxJ3pN9IYrF1/H6dCKtECfhmB8UkHVpyxDwkj0CYbQG35ykoz925TUnBc3A==
  dependencies:
    babel-runtime "^6.22.0"

babel-plugin-transform-es2015-block-scoping@^6.23.0:
  version "6.26.0"
  resolved "https://registry.yarnpkg.com/babel-plugin-transform-es2015-block-scoping/-/babel-plugin-transform-es2015-block-scoping-6.26.0.tgz#d70f5299c1308d05c12f463813b0a09e73b1895f"
  integrity sha512-YiN6sFAQ5lML8JjCmr7uerS5Yc/EMbgg9G8ZNmk2E3nYX4ckHR01wrkeeMijEf5WHNK5TW0Sl0Uu3pv3EdOJWw==
  dependencies:
    babel-runtime "^6.26.0"
    babel-template "^6.26.0"
    babel-traverse "^6.26.0"
    babel-types "^6.26.0"
    lodash "^4.17.4"

babel-plugin-transform-es2015-classes@^6.23.0:
  version "6.24.1"
  resolved "https://registry.yarnpkg.com/babel-plugin-transform-es2015-classes/-/babel-plugin-transform-es2015-classes-6.24.1.tgz#5a4c58a50c9c9461e564b4b2a3bfabc97a2584db"
  integrity sha512-5Dy7ZbRinGrNtmWpquZKZ3EGY8sDgIVB4CU8Om8q8tnMLrD/m94cKglVcHps0BCTdZ0TJeeAWOq2TK9MIY6cag==
  dependencies:
    babel-helper-define-map "^6.24.1"
    babel-helper-function-name "^6.24.1"
    babel-helper-optimise-call-expression "^6.24.1"
    babel-helper-replace-supers "^6.24.1"
    babel-messages "^6.23.0"
    babel-runtime "^6.22.0"
    babel-template "^6.24.1"
    babel-traverse "^6.24.1"
    babel-types "^6.24.1"

babel-plugin-transform-es2015-computed-properties@^6.22.0:
  version "6.24.1"
  resolved "https://registry.yarnpkg.com/babel-plugin-transform-es2015-computed-properties/-/babel-plugin-transform-es2015-computed-properties-6.24.1.tgz#6fe2a8d16895d5634f4cd999b6d3480a308159b3"
  integrity sha512-C/uAv4ktFP/Hmh01gMTvYvICrKze0XVX9f2PdIXuriCSvUmV9j+u+BB9f5fJK3+878yMK6dkdcq+Ymr9mrcLzw==
  dependencies:
    babel-runtime "^6.22.0"
    babel-template "^6.24.1"

babel-plugin-transform-es2015-destructuring@^6.23.0:
  version "6.23.0"
  resolved "https://registry.yarnpkg.com/babel-plugin-transform-es2015-destructuring/-/babel-plugin-transform-es2015-destructuring-6.23.0.tgz#997bb1f1ab967f682d2b0876fe358d60e765c56d"
  integrity sha512-aNv/GDAW0j/f4Uy1OEPZn1mqD+Nfy9viFGBfQ5bZyT35YqOiqx7/tXdyfZkJ1sC21NyEsBdfDY6PYmLHF4r5iA==
  dependencies:
    babel-runtime "^6.22.0"

babel-plugin-transform-es2015-duplicate-keys@^6.22.0:
  version "6.24.1"
  resolved "https://registry.yarnpkg.com/babel-plugin-transform-es2015-duplicate-keys/-/babel-plugin-transform-es2015-duplicate-keys-6.24.1.tgz#73eb3d310ca969e3ef9ec91c53741a6f1576423e"
  integrity sha512-ossocTuPOssfxO2h+Z3/Ea1Vo1wWx31Uqy9vIiJusOP4TbF7tPs9U0sJ9pX9OJPf4lXRGj5+6Gkl/HHKiAP5ug==
  dependencies:
    babel-runtime "^6.22.0"
  dependencies:
    ansi-styles "^4.0.0"
    string-width "^4.1.0"
    strip-ansi "^6.0.0"

wrappy@1:
  version "1.0.2"
  resolved "https://registry.yarnpkg.com/wrappy/-/wrappy-1.0.2.tgz#b5243d8f3ec1aa35f1364605bc0d1036e30ab69f"
  integrity sha1-tSQ9jz7BqjXxNkYFvA0QNuMKtp8=

write-file-atomic@^3.0.0:
  version "3.0.3"
  resolved "https://registry.yarnpkg.com/write-file-atomic/-/write-file-atomic-3.0.3.tgz#56bd5c5a5c70481cd19c571bd39ab965a5de56e8"
  integrity sha512-AvHcyZ5JnSfq3ioSyjrBkH9yW4m7Ayk8/9My/DD9onKeu/94fwrMocemO2QAJFAlnnDN+ZDS+ZjAR5ua1/PV/Q==
  dependencies:
    imurmurhash "^0.1.4"
    is-typedarray "^1.0.0"
    signal-exit "^3.0.2"
    typedarray-to-buffer "^3.1.5"

write@1.0.3:
  version "1.0.3"
  resolved "https://registry.yarnpkg.com/write/-/write-1.0.3.tgz#0800e14523b923a387e415123c865616aae0f5c3"
  integrity sha512-/lg70HAjtkUgWPVZhZcm+T4hkL8Zbtp1nFNOn3lRrxnlv50SRBv7cR7RqR+GMsd3hUXy9hWBo4CHTbFTcOYwig==
  dependencies:
    mkdirp "^0.5.1"

xdg-basedir@^4.0.0:
  version "4.0.0"
  resolved "https://registry.yarnpkg.com/xdg-basedir/-/xdg-basedir-4.0.0.tgz#4bc8d9984403696225ef83a1573cbbcb4e79db13"
  integrity sha512-PSNhEJDejZYV7h50BohL09Er9VaIefr2LMAf3OEmpCkjOi34eYyQYAXUTjEQtZJTKcF0E2UKTh+osDLsgNim9Q==

y18n@^4.0.0:
  version "4.0.3"
  resolved "https://registry.yarnpkg.com/y18n/-/y18n-4.0.3.tgz#b5f259c82cd6e336921efd7bfd8bf560de9eeedf"
  integrity sha512-JKhqTOwSrqNA1NY5lSztJ1GrBiUodLMmIZuLiDaMRJ+itFd+ABVE8XBjOvIWL+rSqNDC74LCSFmlb/U4UZ4hJQ==

yallist@^4.0.0:
  version "4.0.0"
  resolved "https://registry.yarnpkg.com/yallist/-/yallist-4.0.0.tgz#9bb92790d9c0effec63be73519e11a35019a3a72"
  integrity sha512-3wdGidZyq5PB084XLES5TpOSRA3wjXAlIWMhum2kRcv/41Sn2emQ0dycQW4uZXLejwKvg6EsvbdlVL+FYEct7A==

yargs-parser@13.1.2, yargs-parser@^13.1.2:
  version "13.1.2"
  resolved "https://registry.yarnpkg.com/yargs-parser/-/yargs-parser-13.1.2.tgz#130f09702ebaeef2650d54ce6e3e5706f7a4fb38"
  integrity sha512-3lbsNRf/j+A4QuSZfDRA7HRSfWrzO0YjqTJd5kjAq37Zep1CEgaYmrH9Q3GwPiB9cHyd1Y1UwggGhJGoxipbzg==
  dependencies:
    camelcase "^5.0.0"
    decamelize "^1.2.0"

yargs-unparser@1.6.0:
  version "1.6.0"
  resolved "https://registry.yarnpkg.com/yargs-unparser/-/yargs-unparser-1.6.0.tgz#ef25c2c769ff6bd09e4b0f9d7c605fb27846ea9f"
  integrity sha512-W9tKgmSn0DpSatfri0nx52Joq5hVXgeLiqR/5G0sZNDoLZFOr/xjBUDcShCOGNsBnEMNo1KAMBkTej1Hm62HTw==
  dependencies:
    flat "^4.1.0"
    lodash "^4.17.15"
    yargs "^13.3.0"

yargs@13.3.2, yargs@^13.3.0:
  version "13.3.2"
  resolved "https://registry.yarnpkg.com/yargs/-/yargs-13.3.2.tgz#ad7ffefec1aa59565ac915f82dccb38a9c31a2dd"
  integrity sha512-AX3Zw5iPruN5ie6xGRIDgqkT+ZhnRlZMLMHAs8tg7nRruy2Nb+i5o9bwghAogtM08q1dpr2LVoS8KSTMYpWXUw==
  dependencies:
    cliui "^5.0.0"
    find-up "^3.0.0"
    get-caller-file "^2.0.1"
    require-directory "^2.1.1"
    require-main-filename "^2.0.0"
    set-blocking "^2.0.0"
    string-width "^3.0.0"
    which-module "^2.0.0"
    y18n "^4.0.0"
    yargs-parser "^13.1.2"
