# THIS IS AN AUTOGENERATED FILE. DO NOT EDIT THIS FILE DIRECTLY.
# yarn lockfile v1


"@ampproject/remapping@^2.1.0":
  version "2.1.2"
  resolved "https://registry.yarnpkg.com/@ampproject/remapping/-/remapping-2.1.2.tgz#4edca94973ded9630d20101cd8559cedb8d8bd34"
  integrity sha512-hoyByceqwKirw7w3Z7gnIIZC3Wx3J484Y3L/cMpXFbr7d9ZQj2mODrirNzcJa+SM3UlpWXYvKV4RlRpFXlWgXg==
  dependencies:
    "@jridgewell/trace-mapping" "^0.3.0"

"@babel/code-frame@^7.0.0", "@babel/code-frame@^7.16.7":
  version "7.16.7"
  resolved "https://registry.yarnpkg.com/@babel/code-frame/-/code-frame-7.16.7.tgz#44416b6bd7624b998f5b1af5d470856c40138789"
  integrity sha512-iAXqUn8IIeBTNd72xsFlgaXHkMBMt6y4HJp1tIaK465CWLT/fG1aqB7ykr95gHHmlBdGbFeWWfyB4NJJ0nmeIg==
  dependencies:
    "@babel/highlight" "^7.16.7"

"@babel/compat-data@^7.17.7":
  version "7.17.7"
  resolved "https://registry.yarnpkg.com/@babel/compat-data/-/compat-data-7.17.7.tgz#078d8b833fbbcc95286613be8c716cef2b519fa2"
  integrity sha512-p8pdE6j0a29TNGebNm7NzYZWB3xVZJBZ7XGs42uAKzQo8VQ3F0By/cQCtUEABwIqw5zo6WA4NbmxsfzADzMKnQ==

"@babel/core@^7.1.0":
  version "7.17.9"
  resolved "https://registry.yarnpkg.com/@babel/core/-/core-7.17.9.tgz#6bae81a06d95f4d0dec5bb9d74bbc1f58babdcfe"
  integrity sha512-5ug+SfZCpDAkVp9SFIZAzlW18rlzsOcJGaetCjkySnrXXDUw9AR8cDUm1iByTmdWM6yxX6/zycaV76w3YTF2gw==
  dependencies:
    "@ampproject/remapping" "^2.1.0"
    "@babel/code-frame" "^7.16.7"
    "@babel/generator" "^7.17.9"
    "@babel/helper-compilation-targets" "^7.17.7"
    "@babel/helper-module-transforms" "^7.17.7"
    "@babel/helpers" "^7.17.9"
    "@babel/parser" "^7.17.9"
    "@babel/template" "^7.16.7"
    "@babel/traverse" "^7.17.9"
    "@babel/types" "^7.17.0"
    convert-source-map "^1.7.0"
    debug "^4.1.0"
    gensync "^1.0.0-beta.2"
    json5 "^2.2.1"
    semver "^6.3.0"

"@babel/generator@^7.17.9", "@babel/generator@^7.4.0":
  version "7.17.9"
  resolved "https://registry.yarnpkg.com/@babel/generator/-/generator-7.17.9.tgz#f4af9fd38fa8de143c29fce3f71852406fc1e2fc"
  integrity sha512-rAdDousTwxbIxbz5I7GEQ3lUip+xVCXooZNbsydCWs3xA7ZsYOv+CFRdzGxRX78BmQHu9B1Eso59AOZQOJDEdQ==
  dependencies:
    "@babel/types" "^7.17.0"
    jsesc "^2.5.1"
    source-map "^0.5.0"

"@babel/helper-annotate-as-pure@^7.16.7":
  version "7.16.7"
  resolved "https://registry.yarnpkg.com/@babel/helper-annotate-as-pure/-/helper-annotate-as-pure-7.16.7.tgz#bb2339a7534a9c128e3102024c60760a3a7f3862"
  integrity sha512-s6t2w/IPQVTAET1HitoowRGXooX8mCgtuP5195wD/QJPV6wYjpujCGF7JuMODVX2ZAJOf1GT6DT9MHEZvLOFSw==
  dependencies:
    "@babel/types" "^7.16.7"

"@babel/helper-compilation-targets@^7.17.7":
  version "7.17.7"
  resolved "https://registry.yarnpkg.com/@babel/helper-compilation-targets/-/helper-compilation-targets-7.17.7.tgz#a3c2924f5e5f0379b356d4cfb313d1414dc30e46"
  integrity sha512-UFzlz2jjd8kroj0hmCFV5zr+tQPi1dpC2cRsDV/3IEW8bJfCPrPpmcSN6ZS8RqIq4LXcmpipCQFPddyFA5Yc7w==
  dependencies:
    "@babel/compat-data" "^7.17.7"
    "@babel/helper-validator-option" "^7.16.7"
    browserslist "^4.17.5"
    semver "^6.3.0"

"@babel/helper-create-class-features-plugin@^7.16.7":
  version "7.17.9"
  resolved "https://registry.yarnpkg.com/@babel/helper-create-class-features-plugin/-/helper-create-class-features-plugin-7.17.9.tgz#71835d7fb9f38bd9f1378e40a4c0902fdc2ea49d"
  integrity sha512-kUjip3gruz6AJKOq5i3nC6CoCEEF/oHH3cp6tOZhB+IyyyPyW0g1Gfsxn3mkk6S08pIA2y8GQh609v9G/5sHVQ==
  dependencies:
"@jest/console@^24.7.1", "@jest/console@^24.9.0":
  version "24.9.0"
  resolved "https://registry.yarnpkg.com/@jest/console/-/console-24.9.0.tgz#79b1bc06fb74a8cfb01cbdedf945584b1b9707f0"
  integrity sha512-Zuj6b8TnKXi3q4ymac8EQfc3ea/uhLeCGThFqXeC8H9/raaH8ARPUTdId+XyGd03Z4In0/VjD2OYFcBF09fNLQ==
  dependencies:
    "@jest/source-map" "^24.9.0"
    chalk "^2.0.1"
    slash "^2.0.0"

"@jest/core@^24.9.0":
  version "24.9.0"
  resolved "https://registry.yarnpkg.com/@jest/core/-/core-24.9.0.tgz#2ceccd0b93181f9c4850e74f2a9ad43d351369c4"
  integrity sha512-Fogg3s4wlAr1VX7q+rhV9RVnUv5tD7VuWfYy1+whMiWUrvl7U3QJSJyWcDio9Lq2prqYsZaeTv2Rz24pWGkJ2A==
  dependencies:
    "@jest/console" "^24.7.1"
    "@jest/reporters" "^24.9.0"
    "@jest/test-result" "^24.9.0"
    "@jest/transform" "^24.9.0"
    "@jest/types" "^24.9.0"
    ansi-escapes "^3.0.0"
    chalk "^2.0.1"
    exit "^0.1.2"
    graceful-fs "^4.1.15"
    jest-changed-files "^24.9.0"
    jest-config "^24.9.0"
    jest-haste-map "^24.9.0"
    jest-message-util "^24.9.0"
    jest-regex-util "^24.3.0"
    jest-resolve "^24.9.0"
    jest-resolve-dependencies "^24.9.0"
    jest-runner "^24.9.0"
    jest-runtime "^24.9.0"
    jest-snapshot "^24.9.0"
    jest-util "^24.9.0"
    jest-validate "^24.9.0"
    jest-watcher "^24.9.0"
    micromatch "^3.1.10"
    p-each-series "^1.0.0"
    realpath-native "^1.1.0"
    rimraf "^2.5.4"
    slash "^2.0.0"
    strip-ansi "^5.0.0"

"@jest/environment@^24.9.0":
  version "24.9.0"
  resolved "https://registry.yarnpkg.com/@jest/environment/-/environment-24.9.0.tgz#21e3afa2d65c0586cbd6cbefe208bafade44ab18"
  integrity sha512-5A1QluTPhvdIPFYnO3sZC3smkNeXPVELz7ikPbhUj0bQjB07EoE9qtLrem14ZUYWdVayYbsjVwIiL4WBIMV4aQ==
  dependencies:
    "@jest/fake-timers" "^24.9.0"
    "@jest/transform" "^24.9.0"
    "@jest/types" "^24.9.0"
    jest-mock "^24.9.0"

"@jest/fake-timers@^24.9.0":
  version "24.9.0"
  resolved "https://registry.yarnpkg.com/@jest/fake-timers/-/fake-timers-24.9.0.tgz#ba3e6bf0eecd09a636049896434d306636540c93"
  integrity sha512-eWQcNa2YSwzXWIMC5KufBh3oWRIijrQFROsIqt6v/NS9Io/gknw1jsAC9c+ih/RQX4A3O7SeWAhQeN0goKhT9A==
  dependencies:
    "@jest/types" "^24.9.0"
    jest-message-util "^24.9.0"
    jest-mock "^24.9.0"

"@jest/reporters@^24.9.0":
  version "24.9.0"
  resolved "https://registry.yarnpkg.com/@jest/reporters/-/reporters-24.9.0.tgz#86660eff8e2b9661d042a8e98a028b8d631a5b43"
  integrity sha512-mu4X0yjaHrffOsWmVLzitKmmmWSQ3GGuefgNscUSWNiUNcEOSEQk9k3pERKEQVBb0Cnn88+UESIsZEMH3o88Gw==
  dependencies:
    "@jest/environment" "^24.9.0"
    "@jest/test-result" "^24.9.0"
    "@jest/transform" "^24.9.0"
    "@jest/types" "^24.9.0"
    chalk "^2.0.1"
    exit "^0.1.2"
    glob "^7.1.2"
    istanbul-lib-coverage "^2.0.2"
    istanbul-lib-instrument "^3.0.1"
    istanbul-lib-report "^2.0.4"
    istanbul-lib-source-maps "^3.0.1"
    istanbul-reports "^2.2.6"
    jest-haste-map "^24.9.0"
    jest-resolve "^24.9.0"
    jest-runtime "^24.9.0"
    jest-util "^24.9.0"
    jest-worker "^24.6.0"
    node-notifier "^5.4.2"
    slash "^2.0.0"
    source-map "^0.6.0"
    string-length "^2.0.0"

"@jest/source-map@^24.3.0", "@jest/source-map@^24.9.0":
  version "24.9.0"
  resolved "https://registry.yarnpkg.com/@jest/source-map/-/source-map-24.9.0.tgz#0e263a94430be4b41da683ccc1e6bffe2a191714"
  integrity sha512-/Xw7xGlsZb4MJzNDgB7PW5crou5JqWiBQaz6xyPd3ArOg2nfn/PunV8+olXbbEZzNl591o5rWKE9BRDaFAuIBg==
  dependencies:
    callsites "^3.0.0"
    graceful-fs "^4.1.15"
    source-map "^0.6.0"

"@jest/test-result@^24.9.0":
  version "24.9.0"
  resolved "https://registry.yarnpkg.com/@jest/test-result/-/test-result-24.9.0.tgz#11796e8aa9dbf88ea025757b3152595ad06ba0ca"
  integrity sha512-XEFrHbBonBJ8dGp2JmF8kP/nQI/ImPpygKHwQ/SY+es59Z3L5PI4Qb9TQQMAEeYsThG1xF0k6tmG0tIKATNiiA==
  dependencies:
    "@jest/console" "^24.9.0"
    "@jest/types" "^24.9.0"
    "@types/istanbul-lib-coverage" "^2.0.0"

"@jest/test-sequencer@^24.9.0":
  version "24.9.0"
  resolved "https://registry.yarnpkg.com/@jest/test-sequencer/-/test-sequencer-24.9.0.tgz#f8f334f35b625a4f2f355f2fe7e6036dad2e6b31"
  integrity sha512-6qqsU4o0kW1dvA95qfNog8v8gkRN9ph6Lz7r96IvZpHdNipP2cBcb07J1Z45mz/VIS01OHJ3pY8T5fUY38tg4A==
  dependencies:
    "@jest/test-result" "^24.9.0"
    jest-haste-map "^24.9.0"
    jest-runner "^24.9.0"
    jest-runtime "^24.9.0"

"@jest/transform@^24.9.0":
  version "24.9.0"
  resolved "https://registry.yarnpkg.com/@jest/transform/-/transform-24.9.0.tgz#4ae2768b296553fadab09e9ec119543c90b16c56"
  integrity sha512-TcQUmyNRxV94S0QpMOnZl0++6RMiqpbH/ZMccFB/amku6Uwvyb1cjYX7xkp5nGNkbX4QPH/FcB6q1HBTHynLmQ==
  dependencies:
    "@babel/core" "^7.1.0"
    "@jest/types" "^24.9.0"
    babel-plugin-istanbul "^5.1.0"
    chalk "^2.0.1"
    convert-source-map "^1.4.0"
    fast-json-stable-stringify "^2.0.0"
    graceful-fs "^4.1.15"
    jest-haste-map "^24.9.0"
    jest-regex-util "^24.9.0"
    jest-util "^24.9.0"
    micromatch "^3.1.10"
    pirates "^4.0.1"
    realpath-native "^1.1.0"
    slash "^2.0.0"
    source-map "^0.6.1"
    write-file-atomic "2.4.1"

"@jest/types@^24.9.0":
  version "24.9.0"
  resolved "https://registry.yarnpkg.com/@jest/types/-/types-24.9.0.tgz#63cb26cb7500d069e5a389441a7c6ab5e909fc59"
  integrity sha512-XKK7ze1apu5JWQ5eZjHITP66AX+QsLlbaJRBGYr8pNzwcAE2JVkwnf0yqjHTsDRcjR0mujy/NmZMXw5kl+kGBw==
  dependencies:
    "@types/istanbul-lib-coverage" "^2.0.0"
    "@types/istanbul-reports" "^1.1.1"
    "@types/yargs" "^13.0.0"

"@jridgewell/resolve-uri@^3.0.3":
  version "3.0.5"
  resolved "https://registry.yarnpkg.com/@jridgewell/resolve-uri/-/resolve-uri-3.0.5.tgz#68eb521368db76d040a6315cdb24bf2483037b9c"
  integrity sha512-VPeQ7+wH0itvQxnG+lIzWgkysKIr3L9sslimFW55rHMdGu/qCQ5z5h9zq4gI8uBtqkpHhsF4Z/OwExufUCThew==

"@jridgewell/sourcemap-codec@^1.4.10":
  version "1.4.11"
  resolved "https://registry.yarnpkg.com/@jridgewell/sourcemap-codec/-/sourcemap-codec-1.4.11.tgz#771a1d8d744eeb71b6adb35808e1a6c7b9b8c8ec"
  integrity sha512-Fg32GrJo61m+VqYSdRSjRXMjQ06j8YIYfcTqndLYVAaHmroZHLJZCydsWBOTDqXS2v+mjxohBWEMfg97GXmYQg==

"@jridgewell/trace-mapping@^0.3.0":
  version "0.3.4"
  resolved "https://registry.yarnpkg.com/@jridgewell/trace-mapping/-/trace-mapping-0.3.4.tgz#f6a0832dffd5b8a6aaa633b7d9f8e8e94c83a0c3"
  integrity sha512-vFv9ttIedivx0ux3QSjhgtCVjPZd5l46ZOMDSCwnH1yUO2e964gO8LZGyv2QkqcgR6TnBU1v+1IFqmeoG+0UJQ==
  dependencies:
    "@jridgewell/resolve-uri" "^3.0.3"
    "@jridgewell/sourcemap-codec" "^1.4.10"

"@types/babel__core@^7.1.0":
  version "7.1.19"
  resolved "https://registry.yarnpkg.com/@types/babel__core/-/babel__core-7.1.19.tgz#7b497495b7d1b4812bdb9d02804d0576f43ee460"
  integrity sha512-WEOTgRsbYkvA/KCsDwVEGkd7WAr1e3g31VHQ8zy5gul/V1qKullU/BU5I68X5v7V3GnB9eotmom4v5a5gjxorw==
  dependencies:
    "@babel/parser" "^7.1.0"
    "@babel/types" "^7.0.0"
    "@types/babel__generator" "*"
    "@types/babel__template" "*"
    "@types/babel__traverse" "*"

"@types/babel__generator@*":
  version "7.6.4"
  resolved "https://registry.yarnpkg.com/@types/babel__generator/-/babel__generator-7.6.4.tgz#1f20ce4c5b1990b37900b63f050182d28c2439b7"
  integrity sha512-tFkciB9j2K755yrTALxD44McOrk+gfpIpvC3sxHjRawj6PfnQxrse4Clq5y/Rq+G3mrBurMax/lG8Qn2t9mSsg==
  dependencies:
    "@babel/types" "^7.0.0"

"@types/babel__template@*":
  version "7.4.1"
  resolved "https://registry.yarnpkg.com/@types/babel__template/-/babel__template-7.4.1.tgz#3d1a48fd9d6c0edfd56f2ff578daed48f36c8969"
  integrity sha512-azBFKemX6kMg5Io+/rdGT0dkGreboUVR0Cdm3fz9QJWpaQGJRQXl7C+6hOTCZcMll7KFyEQpgbYI2lHdsS4U7g==
  dependencies:
    "@babel/parser" "^7.1.0"
    "@babel/types" "^7.0.0"

"@types/babel__traverse@*", "@types/babel__traverse@^7.0.6":
  version "7.14.2"
  resolved "https://registry.yarnpkg.com/@types/babel__traverse/-/babel__traverse-7.14.2.tgz#ffcd470bbb3f8bf30481678fb5502278ca833a43"
  integrity sha512-K2waXdXBi2302XUdcHcR1jCeU0LL4TD9HRs/gk0N2Xvrht+G/BfJa4QObBQZfhMdxiCpV3COl5Nfq4uKTeTnJA==
  dependencies:
    "@babel/types" "^7.3.0"

"@types/eslint-visitor-keys@^1.0.0":
  version "1.0.0"
  resolved "https://registry.yarnpkg.com/@types/eslint-visitor-keys/-/eslint-visitor-keys-1.0.0.tgz#1ee30d79544ca84d68d4b3cdb0af4f205663dd2d"
  integrity sha512-OCutwjDZ4aFS6PB1UZ988C4YgwlBHJd6wCeQqaLdmadZ/7e+w79+hbMUFC1QXDNCmdyoRfAFdm0RypzwR+Qpag==

"@types/glob@^7.1.1":
  version "7.2.0"
  resolved "https://registry.yarnpkg.com/@types/glob/-/glob-7.2.0.tgz#bc1b5bf3aa92f25bd5dd39f35c57361bdce5b2eb"
  integrity sha512-ZUxbzKl0IfJILTS6t7ip5fQQM/J3TJYubDm3nMbgubNNYS62eXeUpoLUC8/7fJNiFYHTrGPQn7hspDUzIHX3UA==
  dependencies:
    "@types/minimatch" "*"
    "@types/node" "*"

"@types/istanbul-lib-coverage@*", "@types/istanbul-lib-coverage@^2.0.0":
  version "2.0.4"
  resolved "https://registry.yarnpkg.com/@types/istanbul-lib-coverage/-/istanbul-lib-coverage-2.0.4.tgz#8467d4b3c087805d63580480890791277ce35c44"
  integrity sha512-z/QT1XN4K4KYuslS23k62yDIDLwLFkzxOuMplDtObz0+y7VqJCaO2o+SPwHCvLFZh7xazvvoor2tA/hPz9ee7g==

"@types/istanbul-lib-report@*":
  version "3.0.0"
  resolved "https://registry.yarnpkg.com/@types/istanbul-lib-report/-/istanbul-lib-report-3.0.0.tgz#c14c24f18ea8190c118ee7562b7ff99a36552686"
  integrity sha512-plGgXAPfVKFoYfa9NpYDAkseG+g6Jr294RqeqcqDixSbU34MZVJRi/P+7Y8GDpzkEwLaGZZOpKIEmeVZNtKsrg==
  dependencies:
    "@types/istanbul-lib-coverage" "*"

"@types/istanbul-reports@^1.1.1":
  version "1.1.2"
  resolved "https://registry.yarnpkg.com/@types/istanbul-reports/-/istanbul-reports-1.1.2.tgz#e875cc689e47bce549ec81f3df5e6f6f11cfaeb2"
  integrity sha512-P/W9yOX/3oPZSpaYOCQzGqgCQRXn0FFO/V8bWrCQs+wLmvVVxk6CRBXALEvNs9OHIatlnlFokfhuDo2ug01ciw==
  dependencies:
    "@types/istanbul-lib-coverage" "*"
    "@types/istanbul-lib-report" "*"

"@types/jest@^24.0.23":
  version "24.9.1"
  resolved "https://registry.yarnpkg.com/@types/jest/-/jest-24.9.1.tgz#02baf9573c78f1b9974a5f36778b366aa77bd534"
  integrity sha512-Fb38HkXSVA4L8fGKEZ6le5bB8r6MRWlOCZbVuWZcmOMSCd2wCYOwN1ibj8daIoV9naq7aaOZjrLCoCMptKU/4Q==
  dependencies:
    jest-diff "^24.3.0"

"@types/json-schema@^7.0.3":
  version "7.0.11"
  dependencies:
    graceful-fs "^4.1.11"
    imurmurhash "^0.1.4"
    signal-exit "^3.0.2"

ws@^5.2.0:
  version "5.2.3"
  resolved "https://registry.yarnpkg.com/ws/-/ws-5.2.3.tgz#05541053414921bc29c63bee14b8b0dd50b07b3d"
  integrity sha512-jZArVERrMsKUatIdnLzqvcfydI85dvd/Fp1u/VOpfdDWQ4c9qWXe+VIeAbQ5FrDwciAkr+lzofXLz3Kuf26AOA==
  dependencies:
    async-limiter "~1.0.0"

ws@^6.2.1:
  version "6.2.2"
  resolved "https://registry.yarnpkg.com/ws/-/ws-6.2.2.tgz#dd5cdbd57a9979916097652d78f1cc5faea0c32e"
  integrity sha512-zmhltoSR8u1cnDsD43TX59mzoMZsLKqUweyYBAIvTngR3shc0W6aOZylZmq/7hqyVxPdi+5Ud2QInblgyE72fw==
  dependencies:
    async-limiter "~1.0.0"

xml-name-validator@^3.0.0:
  version "3.0.0"
  resolved "https://registry.yarnpkg.com/xml-name-validator/-/xml-name-validator-3.0.0.tgz#6ae73e06de4d8c6e47f9fb181f78d648ad457c6a"
  integrity sha512-A5CUptxDsvxKJEU3yO6DuWBSJz/qizqzJKOMIfUJHETbBw/sFaDxgd6fxm1ewUaM0jZ444Fc5vC5ROYurg/4Pw==

xtend@^4.0.0, xtend@~4.0.1:
  version "4.0.2"
  resolved "https://registry.yarnpkg.com/xtend/-/xtend-4.0.2.tgz#bb72779f5fa465186b1f438f674fa347fdb5db54"
  integrity sha512-LKYU1iAXJXUgAXn9URjiu+MWhyUXHsvfp7mcuYm9dSUKK0/CjtrUwFAxD82/mCWbtLsGjFIad0wIsod4zrTAEQ==

y18n@^4.0.0:
  version "4.0.3"
  resolved "https://registry.yarnpkg.com/y18n/-/y18n-4.0.3.tgz#b5f259c82cd6e336921efd7bfd8bf560de9eeedf"
  integrity sha512-JKhqTOwSrqNA1NY5lSztJ1GrBiUodLMmIZuLiDaMRJ+itFd+ABVE8XBjOvIWL+rSqNDC74LCSFmlb/U4UZ4hJQ==

yallist@^3.0.2:
  version "3.1.1"
  resolved "https://registry.yarnpkg.com/yallist/-/yallist-3.1.1.tgz#dbb7daf9bfd8bac9ab45ebf602b8cbad0d5d08fd"
  integrity sha512-a4UGQaWPH59mOXUYnAG2ewncQS4i4F43Tv3JoAM+s2VDAmS9NsK8GpDMLrCHPksFT7h3K6TOoUNn2pb7RoXx4g==

yallist@^4.0.0:
  version "4.0.0"
  resolved "https://registry.yarnpkg.com/yallist/-/yallist-4.0.0.tgz#9bb92790d9c0effec63be73519e11a35019a3a72"
  integrity sha512-3wdGidZyq5PB084XLES5TpOSRA3wjXAlIWMhum2kRcv/41Sn2emQ0dycQW4uZXLejwKvg6EsvbdlVL+FYEct7A==

yargs-parser@10.x:
  version "10.1.0"
  resolved "https://registry.yarnpkg.com/yargs-parser/-/yargs-parser-10.1.0.tgz#7202265b89f7e9e9f2e5765e0fe735a905edbaa8"
  integrity sha512-VCIyR1wJoEBZUqk5PA+oOBF6ypbwh5aNB3I50guxAL/quggdfs4TtNHQrSazFA3fYZ+tEqfs0zIGlv0c/rgjbQ==
  dependencies:
    camelcase "^4.1.0"

yargs-parser@^13.1.2:
  version "13.1.2"
  resolved "https://registry.yarnpkg.com/yargs-parser/-/yargs-parser-13.1.2.tgz#130f09702ebaeef2650d54ce6e3e5706f7a4fb38"
  integrity sha512-3lbsNRf/j+A4QuSZfDRA7HRSfWrzO0YjqTJd5kjAq37Zep1CEgaYmrH9Q3GwPiB9cHyd1Y1UwggGhJGoxipbzg==
  dependencies:
    camelcase "^5.0.0"
    decamelize "^1.2.0"

yargs@^13.3.0, yargs@^13.3.2:
  version "13.3.2"
  resolved "https://registry.yarnpkg.com/yargs/-/yargs-13.3.2.tgz#ad7ffefec1aa59565ac915f82dccb38a9c31a2dd"
  integrity sha512-AX3Zw5iPruN5ie6xGRIDgqkT+ZhnRlZMLMHAs8tg7nRruy2Nb+i5o9bwghAogtM08q1dpr2LVoS8KSTMYpWXUw==
  dependencies:
    cliui "^5.0.0"
    find-up "^3.0.0"
    get-caller-file "^2.0.1"
    require-directory "^2.1.1"
    require-main-filename "^2.0.0"
    set-blocking "^2.0.0"
    string-width "^3.0.0"
    which-module "^2.0.0"
    y18n "^4.0.0"
    yargs-parser "^13.1.2"
